
Microsoft Visual Studio Solution File, Format Version 12.00
# Visual Studio Version 16
VisualStudioVersion = 16.0.29613.14
MinimumVisualStudioVersion = 10.0.40219.1
Project("{FAE04EC0-301F-11D3-BF4B-00C04F79EFBC}") = "Wordd", "Word\Wordd.csproj", "{F3BAD1B6-0011-439F-BD4F-C710794B4784}"
EndProject
Global
	GlobalSection(SolutionConfigurationPlatforms) = preSolution
		Debug|Any CPU = Debug|Any CPU
		Release|Any CPU = Release|Any CPU
	EndGlobalSection
	GlobalSection(ProjectConfigurationPlatforms) = postSolution
		{F3BAD1B6-0011-439F-BD4F-C710794B4784}.Debug|Any CPU.ActiveCfg = Debug|Any CPU
		{F3BAD1B6-0011-439F-BD4F-C710794B4784}.Debug|Any CPU.Build.0 = Debug|Any CPU
		{F3BAD1B6-0011-439F-BD4F-C710794B4784}.Release|Any CPU.ActiveCfg = Release|Any CPU
		{F3BAD1B6-0011-439F-BD4F-C710794B4784}.Release|Any CPU.Build.0 = Release|Any CPU
	EndGlobalSection
	GlobalSection(SolutionProperties) = preSolution
		HideSolutionNode = FALSE
	EndGlobalSection
	GlobalSection(ExtensibilityGlobals) = postSolution
		SolutionGuid = {8AFF53AC-4BCF-44A0-9EE3-6417003FD71E}
	EndGlobalSection
EndGlobal
